// !$*UTF8*$!
{
	archiveVersion = 1;
	classes = {
	};
	objectVersion = 46;
	objects = {

/* Begin PBXBuildFile section */
		2702DD8F1EDA78B300A68F74 /* AppDelegate.swift in Sources */ = {isa = PBXBuildFile; fileRef = 2702DD8E1EDA78B300A68F74 /* AppDelegate.swift */; };
		2702DD911EDA78B300A68F74 /* HomeVC.swift in Sources */ = {isa = PBXBuildFile; fileRef = 2702DD901EDA78B300A68F74 /* HomeVC.swift */; };
		2702DD941EDA78B300A68F74 /* Main.storyboard in Resources */ = {isa = PBXBuildFile; fileRef = 2702DD921EDA78B300A68F74 /* Main.storyboard */; };
		2702DD961EDA78B300A68F74 /* Assets.xcassets in Resources */ = {isa = PBXBuildFile; fileRef = 2702DD951EDA78B300A68F74 /* Assets.xcassets */; };
		2702DDA41EDA78B300A68F74 /* WhynotTests.swift in Sources */ = {isa = PBXBuildFile; fileRef = 2702DDA31EDA78B300A68F74 /* WhynotTests.swift */; };
		2702DDAF1EDA78B300A68F74 /* WhynotUITests.swift in Sources */ = {isa = PBXBuildFile; fileRef = 2702DDAE1EDA78B300A68F74 /* WhynotUITests.swift */; };
		2702DDBD1EDA78C400A68F74 /* ServerClient.swift in Sources */ = {isa = PBXBuildFile; fileRef = 2702DDBC1EDA78C400A68F74 /* ServerClient.swift */; };
		2702DDBF1EDA795A00A68F74 /* SwiftyJSON.swift in Sources */ = {isa = PBXBuildFile; fileRef = 2702DDBE1EDA795A00A68F74 /* SwiftyJSON.swift */; };
		2702DDC11EDA8A0F00A68F74 /* Util.swift in Sources */ = {isa = PBXBuildFile; fileRef = 2702DDC01EDA8A0F00A68F74 /* Util.swift */; };
		2702DDC31EDA92C500A68F74 /* TodoItem.swift in Sources */ = {isa = PBXBuildFile; fileRef = 2702DDC21EDA92C500A68F74 /* TodoItem.swift */; };
		2702DDC51EDAA1E100A68F74 /* RegisterVC.swift in Sources */ = {isa = PBXBuildFile; fileRef = 2702DDC41EDAA1E100A68F74 /* RegisterVC.swift */; };
		27B92D7A1F149777008F2AA9 /* ListVC.swift in Sources */ = {isa = PBXBuildFile; fileRef = 27B92D791F149777008F2AA9 /* ListVC.swift */; };
		27B92D7C1F1497C6008F2AA9 /* MainVC.swift in Sources */ = {isa = PBXBuildFile; fileRef = 27B92D7B1F1497C6008F2AA9 /* MainVC.swift */; };
		27B92D7E1F1498D4008F2AA9 /* CalendarVC.swift in Sources */ = {isa = PBXBuildFile; fileRef = 27B92D7D1F1498D4008F2AA9 /* CalendarVC.swift */; };
		27B92D801F14A4DF008F2AA9 /* ColorUtils.swift in Sources */ = {isa = PBXBuildFile; fileRef = 27B92D7F1F14A4DF008F2AA9 /* ColorUtils.swift */; };
		27B92D831F14AE5B008F2AA9 /* CategorySelectView.swift in Sources */ = {isa = PBXBuildFile; fileRef = 27B92D821F14AE5B008F2AA9 /* CategorySelectView.swift */; };
		27B92D851F14AE66008F2AA9 /* CategorySelectView.xib in Resources */ = {isa = PBXBuildFile; fileRef = 27B92D841F14AE66008F2AA9 /* CategorySelectView.xib */; };
		27B92DC11F161E8E008F2AA9 /* GlobalConfig.swift in Sources */ = {isa = PBXBuildFile; fileRef = 27B92DC01F161E8E008F2AA9 /* GlobalConfig.swift */; };
		27D107781EDAA5610047355F /* SettingVC.swift in Sources */ = {isa = PBXBuildFile; fileRef = 27D107771EDAA5610047355F /* SettingVC.swift */; };
		27D1077D1EDAA9950047355F /* NanumBarunGothic.otf in Resources */ = {isa = PBXBuildFile; fileRef = 27D107791EDAA9950047355F /* NanumBarunGothic.otf */; };
		27D1077E1EDAA9950047355F /* NanumBarunGothicBold.otf in Resources */ = {isa = PBXBuildFile; fileRef = 27D1077A1EDAA9950047355F /* NanumBarunGothicBold.otf */; };
		27D1077F1EDAA9950047355F /* NanumBarunGothicLight.otf in Resources */ = {isa = PBXBuildFile; fileRef = 27D1077B1EDAA9950047355F /* NanumBarunGothicLight.otf */; };
		27D107801EDAA9950047355F /* NanumBarunGothicUltraLight.otf in Resources */ = {isa = PBXBuildFile; fileRef = 27D1077C1EDAA9950047355F /* NanumBarunGothicUltraLight.otf */; };
		27D107821EDAAE2D0047355F /* ScheduleCell.xib in Resources */ = {isa = PBXBuildFile; fileRef = 27D107811EDAAE2D0047355F /* ScheduleCell.xib */; };
		27D107841EDAAE870047355F /* ScheduleCell.swift in Sources */ = {isa = PBXBuildFile; fileRef = 27D107831EDAAE870047355F /* ScheduleCell.swift */; };
		27D107871EDAAF740047355F /* PagingTableView.swift in Sources */ = {isa = PBXBuildFile; fileRef = 27D107851EDAAF740047355F /* PagingTableView.swift */; };
		27D107881EDAAF740047355F /* PagingTableView.xib in Resources */ = {isa = PBXBuildFile; fileRef = 27D107861EDAAF740047355F /* PagingTableView.xib */; };
		27D1078A1EDAAF850047355F /* TodoTableView.swift in Sources */ = {isa = PBXBuildFile; fileRef = 27D107891EDAAF850047355F /* TodoTableView.swift */; };
		27D1078C1EDABDCD0047355F /* BaseVC.swift in Sources */ = {isa = PBXBuildFile; fileRef = 27D1078B1EDABDCD0047355F /* BaseVC.swift */; };
		27D1078E1EDAC3DE0047355F /* LoginVC.swift in Sources */ = {isa = PBXBuildFile; fileRef = 27D1078D1EDAC3DE0047355F /* LoginVC.swift */; };
		27D107901EDAC69E0047355F /* SplashVC.swift in Sources */ = {isa = PBXBuildFile; fileRef = 27D1078F1EDAC69E0047355F /* SplashVC.swift */; };
		27D107921EDAC78C0047355F /* TodoAddVC.swift in Sources */ = {isa = PBXBuildFile; fileRef = 27D107911EDAC78C0047355F /* TodoAddVC.swift */; };
		27E56FA21F19E8BF00018A8C /* CalendarCell.swift in Sources */ = {isa = PBXBuildFile; fileRef = 27E56FA11F19E8BF00018A8C /* CalendarCell.swift */; };
		27E56FA41F1B040400018A8C /* TodoListCell.xib in Resources */ = {isa = PBXBuildFile; fileRef = 27E56FA31F1B040400018A8C /* TodoListCell.xib */; };
		27E56FA61F1B15D900018A8C /* Values.swift in Sources */ = {isa = PBXBuildFile; fileRef = 27E56FA51F1B15D900018A8C /* Values.swift */; };
		C05380669BC88CD6C4FDB948 /* Pods_WhynotTests.framework in Frameworks */ = {isa = PBXBuildFile; fileRef = A372C043887F2DCAC4F83BC1 /* Pods_WhynotTests.framework */; };
		DD23FF28E9B2CE6E6E7C30C3 /* Pods_Whynot.framework in Frameworks */ = {isa = PBXBuildFile; fileRef = 5C0F736DCB843C9B10D9F927 /* Pods_Whynot.framework */; };
		DF72B3C2B05DF6F8F088DEC0 /* Pods_WhynotUITests.framework in Frameworks */ = {isa = PBXBuildFile; fileRef = C185631DD5A5836F9B55E84D /* Pods_WhynotUITests.framework */; };
/* End PBXBuildFile section */

/* Begin PBXContainerItemProxy section */
		2702DDA01EDA78B300A68F74 /* PBXContainerItemProxy */ = {
			isa = PBXContainerItemProxy;
			containerPortal = 2702DD831EDA78B300A68F74 /* Project object */;
			proxyType = 1;
			remoteGlobalIDString = 2702DD8A1EDA78B300A68F74;
			remoteInfo = Whynot;
		};
		2702DDAB1EDA78B300A68F74 /* PBXContainerItemProxy */ = {
			isa = PBXContainerItemProxy;
			containerPortal = 2702DD831EDA78B300A68F74 /* Project object */;
			proxyType = 1;
			remoteGlobalIDString = 2702DD8A1EDA78B300A68F74;
			remoteInfo = Whynot;
		};
/* End PBXContainerItemProxy section */

/* Begin PBXFileReference section */
		0B82B2E3B7317DD16F0DAD80 /* Pods-WhynotUITests.debug.xcconfig */ = {isa = PBXFileReference; includeInIndex = 1; lastKnownFileType = text.xcconfig; name = "Pods-WhynotUITests.debug.xcconfig"; path = "Pods/Target Support Files/Pods-WhynotUITests/Pods-WhynotUITests.debug.xcconfig"; sourceTree = "<group>"; };
		2702DD8B1EDA78B300A68F74 /* Whynot.app */ = {isa = PBXFileReference; explicitFileType = wrapper.application; includeInIndex = 0; path = Whynot.app; sourceTree = BUILT_PRODUCTS_DIR; };
		2702DD8E1EDA78B300A68F74 /* AppDelegate.swift */ = {isa = PBXFileReference; lastKnownFileType = sourcecode.swift; path = AppDelegate.swift; sourceTree = "<group>"; };
		2702DD901EDA78B300A68F74 /* HomeVC.swift */ = {isa = PBXFileReference; lastKnownFileType = sourcecode.swift; path = HomeVC.swift; sourceTree = "<group>"; };
		2702DD931EDA78B300A68F74 /* Base */ = {isa = PBXFileReference; lastKnownFileType = file.storyboard; name = Base; path = Base.lproj/Main.storyboard; sourceTree = "<group>"; };
		2702DD951EDA78B300A68F74 /* Assets.xcassets */ = {isa = PBXFileReference; lastKnownFileType = folder.assetcatalog; path = Assets.xcassets; sourceTree = "<group>"; };
		2702DD9A1EDA78B300A68F74 /* Info.plist */ = {isa = PBXFileReference; lastKnownFileType = text.plist.xml; path = Info.plist; sourceTree = "<group>"; };
		2702DD9F1EDA78B300A68F74 /* WhynotTests.xctest */ = {isa = PBXFileReference; explicitFileType = wrapper.cfbundle; includeInIndex = 0; path = WhynotTests.xctest; sourceTree = BUILT_PRODUCTS_DIR; };
		2702DDA31EDA78B300A68F74 /* WhynotTests.swift */ = {isa = PBXFileReference; lastKnownFileType = sourcecode.swift; path = WhynotTests.swift; sourceTree = "<group>"; };
		2702DDA51EDA78B300A68F74 /* Info.plist */ = {isa = PBXFileReference; lastKnownFileType = text.plist.xml; path = Info.plist; sourceTree = "<group>"; };
		2702DDAA1EDA78B300A68F74 /* WhynotUITests.xctest */ = {isa = PBXFileReference; explicitFileType = wrapper.cfbundle; includeInIndex = 0; path = WhynotUITests.xctest; sourceTree = BUILT_PRODUCTS_DIR; };
		2702DDAE1EDA78B300A68F74 /* WhynotUITests.swift */ = {isa = PBXFileReference; lastKnownFileType = sourcecode.swift; path = WhynotUITests.swift; sourceTree = "<group>"; };
		2702DDB01EDA78B300A68F74 /* Info.plist */ = {isa = PBXFileReference; lastKnownFileType = text.plist.xml; path = Info.plist; sourceTree = "<group>"; };
		2702DDBC1EDA78C400A68F74 /* ServerClient.swift */ = {isa = PBXFileReference; fileEncoding = 4; lastKnownFileType = sourcecode.swift; path = ServerClient.swift; sourceTree = "<group>"; };
		2702DDBE1EDA795A00A68F74 /* SwiftyJSON.swift */ = {isa = PBXFileReference; fileEncoding = 4; lastKnownFileType = sourcecode.swift; path = SwiftyJSON.swift; sourceTree = "<group>"; };
		2702DDC01EDA8A0F00A68F74 /* Util.swift */ = {isa = PBXFileReference; fileEncoding = 4; lastKnownFileType = sourcecode.swift; path = Util.swift; sourceTree = "<group>"; };
		2702DDC21EDA92C500A68F74 /* TodoItem.swift */ = {isa = PBXFileReference; fileEncoding = 4; lastKnownFileType = sourcecode.swift; path = TodoItem.swift; sourceTree = "<group>"; };
		2702DDC41EDAA1E100A68F74 /* RegisterVC.swift */ = {isa = PBXFileReference; fileEncoding = 4; lastKnownFileType = sourcecode.swift; path = RegisterVC.swift; sourceTree = "<group>"; };
		27B92D791F149777008F2AA9 /* ListVC.swift */ = {isa = PBXFileReference; fileEncoding = 4; lastKnownFileType = sourcecode.swift; path = ListVC.swift; sourceTree = "<group>"; };
		27B92D7B1F1497C6008F2AA9 /* MainVC.swift */ = {isa = PBXFileReference; fileEncoding = 4; lastKnownFileType = sourcecode.swift; path = MainVC.swift; sourceTree = "<group>"; };
		27B92D7D1F1498D4008F2AA9 /* CalendarVC.swift */ = {isa = PBXFileReference; fileEncoding = 4; lastKnownFileType = sourcecode.swift; path = CalendarVC.swift; sourceTree = "<group>"; };
		27B92D7F1F14A4DF008F2AA9 /* ColorUtils.swift */ = {isa = PBXFileReference; fileEncoding = 4; lastKnownFileType = sourcecode.swift; path = ColorUtils.swift; sourceTree = "<group>"; };
		27B92D821F14AE5B008F2AA9 /* CategorySelectView.swift */ = {isa = PBXFileReference; fileEncoding = 4; lastKnownFileType = sourcecode.swift; path = CategorySelectView.swift; sourceTree = "<group>"; };
		27B92D841F14AE66008F2AA9 /* CategorySelectView.xib */ = {isa = PBXFileReference; fileEncoding = 4; lastKnownFileType = file.xib; path = CategorySelectView.xib; sourceTree = "<group>"; };
		27B92DC01F161E8E008F2AA9 /* GlobalConfig.swift */ = {isa = PBXFileReference; fileEncoding = 4; lastKnownFileType = sourcecode.swift; path = GlobalConfig.swift; sourceTree = "<group>"; };
		27D107771EDAA5610047355F /* SettingVC.swift */ = {isa = PBXFileReference; fileEncoding = 4; lastKnownFileType = sourcecode.swift; path = SettingVC.swift; sourceTree = "<group>"; };
		27D107791EDAA9950047355F /* NanumBarunGothic.otf */ = {isa = PBXFileReference; lastKnownFileType = file; path = NanumBarunGothic.otf; sourceTree = "<group>"; };
		27D1077A1EDAA9950047355F /* NanumBarunGothicBold.otf */ = {isa = PBXFileReference; lastKnownFileType = file; path = NanumBarunGothicBold.otf; sourceTree = "<group>"; };
		27D1077B1EDAA9950047355F /* NanumBarunGothicLight.otf */ = {isa = PBXFileReference; lastKnownFileType = file; path = NanumBarunGothicLight.otf; sourceTree = "<group>"; };
		27D1077C1EDAA9950047355F /* NanumBarunGothicUltraLight.otf */ = {isa = PBXFileReference; lastKnownFileType = file; path = NanumBarunGothicUltraLight.otf; sourceTree = "<group>"; };
		27D107811EDAAE2D0047355F /* ScheduleCell.xib */ = {isa = PBXFileReference; fileEncoding = 4; lastKnownFileType = file.xib; path = ScheduleCell.xib; sourceTree = "<group>"; };
		27D107831EDAAE870047355F /* ScheduleCell.swift */ = {isa = PBXFileReference; fileEncoding = 4; lastKnownFileType = sourcecode.swift; path = ScheduleCell.swift; sourceTree = "<group>"; };
		27D107851EDAAF740047355F /* PagingTableView.swift */ = {isa = PBXFileReference; fileEncoding = 4; lastKnownFileType = sourcecode.swift; path = PagingTableView.swift; sourceTree = "<group>"; };
		27D107861EDAAF740047355F /* PagingTableView.xib */ = {isa = PBXFileReference; fileEncoding = 4; lastKnownFileType = file.xib; path = PagingTableView.xib; sourceTree = "<group>"; };
		27D107891EDAAF850047355F /* TodoTableView.swift */ = {isa = PBXFileReference; fileEncoding = 4; lastKnownFileType = sourcecode.swift; path = TodoTableView.swift; sourceTree = "<group>"; };
		27D1078B1EDABDCD0047355F /* BaseVC.swift */ = {isa = PBXFileReference; fileEncoding = 4; lastKnownFileType = sourcecode.swift; path = BaseVC.swift; sourceTree = "<group>"; };
		27D1078D1EDAC3DE0047355F /* LoginVC.swift */ = {isa = PBXFileReference; fileEncoding = 4; lastKnownFileType = sourcecode.swift; path = LoginVC.swift; sourceTree = "<group>"; };
		27D1078F1EDAC69E0047355F /* SplashVC.swift */ = {isa = PBXFileReference; fileEncoding = 4; lastKnownFileType = sourcecode.swift; path = SplashVC.swift; sourceTree = "<group>"; };
		27D107911EDAC78C0047355F /* TodoAddVC.swift */ = {isa = PBXFileReference; fileEncoding = 4; lastKnownFileType = sourcecode.swift; path = TodoAddVC.swift; sourceTree = "<group>"; };
		27E56FA11F19E8BF00018A8C /* CalendarCell.swift */ = {isa = PBXFileReference; fileEncoding = 4; lastKnownFileType = sourcecode.swift; path = CalendarCell.swift; sourceTree = "<group>"; };
		27E56FA31F1B040400018A8C /* TodoListCell.xib */ = {isa = PBXFileReference; fileEncoding = 4; lastKnownFileType = file.xib; path = TodoListCell.xib; sourceTree = "<group>"; };
		27E56FA51F1B15D900018A8C /* Values.swift */ = {isa = PBXFileReference; fileEncoding = 4; lastKnownFileType = sourcecode.swift; path = Values.swift; sourceTree = "<group>"; };
		5C0F736DCB843C9B10D9F927 /* Pods_Whynot.framework */ = {isa = PBXFileReference; explicitFileType = wrapper.framework; includeInIndex = 0; path = Pods_Whynot.framework; sourceTree = BUILT_PRODUCTS_DIR; };
		605EC55152C7F45C7E85F4AD /* Pods-Whynot.release.xcconfig */ = {isa = PBXFileReference; includeInIndex = 1; lastKnownFileType = text.xcconfig; name = "Pods-Whynot.release.xcconfig"; path = "Pods/Target Support Files/Pods-Whynot/Pods-Whynot.release.xcconfig"; sourceTree = "<group>"; };
		947E8E3D25DF596DAA371CD2 /* Pods-WhynotUITests.release.xcconfig */ = {isa = PBXFileReference; includeInIndex = 1; lastKnownFileType = text.xcconfig; name = "Pods-WhynotUITests.release.xcconfig"; path = "Pods/Target Support Files/Pods-WhynotUITests/Pods-WhynotUITests.release.xcconfig"; sourceTree = "<group>"; };
		A1046EFF527A919B764E22A6 /* Pods-WhynotTests.release.xcconfig */ = {isa = PBXFileReference; includeInIndex = 1; lastKnownFileType = text.xcconfig; name = "Pods-WhynotTests.release.xcconfig"; path = "Pods/Target Support Files/Pods-WhynotTests/Pods-WhynotTests.release.xcconfig"; sourceTree = "<group>"; };
		A372C043887F2DCAC4F83BC1 /* Pods_WhynotTests.framework */ = {isa = PBXFileReference; explicitFileType = wrapper.framework; includeInIndex = 0; path = Pods_WhynotTests.framework; sourceTree = BUILT_PRODUCTS_DIR; };
		C185631DD5A5836F9B55E84D /* Pods_WhynotUITests.framework */ = {isa = PBXFileReference; explicitFileType = wrapper.framework; includeInIndex = 0; path = Pods_WhynotUITests.framework; sourceTree = BUILT_PRODUCTS_DIR; };
		CB2F9E8A3968A1F3465B3822 /* Pods-WhynotTests.debug.xcconfig */ = {isa = PBXFileReference; includeInIndex = 1; lastKnownFileType = text.xcconfig; name = "Pods-WhynotTests.debug.xcconfig"; path = "Pods/Target Support Files/Pods-WhynotTests/Pods-WhynotTests.debug.xcconfig"; sourceTree = "<group>"; };
		F83B3B3B405B3FC28A261508 /* Pods-Whynot.debug.xcconfig */ = {isa = PBXFileReference; includeInIndex = 1; lastKnownFileType = text.xcconfig; name = "Pods-Whynot.debug.xcconfig"; path = "Pods/Target Support Files/Pods-Whynot/Pods-Whynot.debug.xcconfig"; sourceTree = "<group>"; };
/* End PBXFileReference section */

/* Begin PBXFrameworksBuildPhase section */
		2702DD881EDA78B300A68F74 /* Frameworks */ = {
			isa = PBXFrameworksBuildPhase;
			buildActionMask = 2147483647;
			files = (
				DD23FF28E9B2CE6E6E7C30C3 /* Pods_Whynot.framework in Frameworks */,
			);
			runOnlyForDeploymentPostprocessing = 0;
		};
		2702DD9C1EDA78B300A68F74 /* Frameworks */ = {
			isa = PBXFrameworksBuildPhase;
			buildActionMask = 2147483647;
			files = (
				C05380669BC88CD6C4FDB948 /* Pods_WhynotTests.framework in Frameworks */,
			);
			runOnlyForDeploymentPostprocessing = 0;
		};
		2702DDA71EDA78B300A68F74 /* Frameworks */ = {
			isa = PBXFrameworksBuildPhase;
			buildActionMask = 2147483647;
			files = (
				DF72B3C2B05DF6F8F088DEC0 /* Pods_WhynotUITests.framework in Frameworks */,
			);
			runOnlyForDeploymentPostprocessing = 0;
		};
/* End PBXFrameworksBuildPhase section */

/* Begin PBXGroup section */
		2702DD821EDA78B300A68F74 = {
			isa = PBXGroup;
			children = (
				2702DD8D1EDA78B300A68F74 /* Whynot */,
				2702DDA21EDA78B300A68F74 /* WhynotTests */,
				2702DDAD1EDA78B300A68F74 /* WhynotUITests */,
				2702DD8C1EDA78B300A68F74 /* Products */,
				E20004D3C73AF3B33930E60E /* Pods */,
				FFF39A0C1FF8C0016ACBB3F3 /* Frameworks */,
			);
			sourceTree = "<group>";
		};
		2702DD8C1EDA78B300A68F74 /* Products */ = {
			isa = PBXGroup;
			children = (
				2702DD8B1EDA78B300A68F74 /* Whynot.app */,
				2702DD9F1EDA78B300A68F74 /* WhynotTests.xctest */,
				2702DDAA1EDA78B300A68F74 /* WhynotUITests.xctest */,
			);
			name = Products;
			sourceTree = "<group>";
		};
		2702DD8D1EDA78B300A68F74 /* Whynot */ = {
			isa = PBXGroup;
			children = (
				27D107791EDAA9950047355F /* NanumBarunGothic.otf */,
				27D1077A1EDAA9950047355F /* NanumBarunGothicBold.otf */,
				27D1077B1EDAA9950047355F /* NanumBarunGothicLight.otf */,
				27D1077C1EDAA9950047355F /* NanumBarunGothicUltraLight.otf */,
				2702DD8E1EDA78B300A68F74 /* AppDelegate.swift */,
				2702DD921EDA78B300A68F74 /* Main.storyboard */,
				2702DD951EDA78B300A68F74 /* Assets.xcassets */,
				2702DD9A1EDA78B300A68F74 /* Info.plist */,
				27D107751EDAA2500047355F /* vc */,
				27E56FA01F19D77F00018A8C /* todo */,
				27B92D811F14AE31008F2AA9 /* view */,
				27D107761EDAA25A0047355F /* util */,
				27E56FA11F19E8BF00018A8C /* CalendarCell.swift */,
			);
			path = Whynot;
			sourceTree = "<group>";
		};
		2702DDA21EDA78B300A68F74 /* WhynotTests */ = {
			isa = PBXGroup;
			children = (
				2702DDA31EDA78B300A68F74 /* WhynotTests.swift */,
				2702DDA51EDA78B300A68F74 /* Info.plist */,
			);
			path = WhynotTests;
			sourceTree = "<group>";
		};
		2702DDAD1EDA78B300A68F74 /* WhynotUITests */ = {
			isa = PBXGroup;
			children = (
				2702DDAE1EDA78B300A68F74 /* WhynotUITests.swift */,
				2702DDB01EDA78B300A68F74 /* Info.plist */,
			);
			path = WhynotUITests;
			sourceTree = "<group>";
		};
		27B92D811F14AE31008F2AA9 /* view */ = {
			isa = PBXGroup;
			children = (
				27D107851EDAAF740047355F /* PagingTableView.swift */,
				27D107861EDAAF740047355F /* PagingTableView.xib */,
				27B92D821F14AE5B008F2AA9 /* CategorySelectView.swift */,
				27B92D841F14AE66008F2AA9 /* CategorySelectView.xib */,
			);
			name = view;
			sourceTree = "<group>";
		};
		27D107751EDAA2500047355F /* vc */ = {
			isa = PBXGroup;
			children = (
				27D1078B1EDABDCD0047355F /* BaseVC.swift */,
				27D1078F1EDAC69E0047355F /* SplashVC.swift */,
				27D1078D1EDAC3DE0047355F /* LoginVC.swift */,
				2702DDC41EDAA1E100A68F74 /* RegisterVC.swift */,
				27B92D7B1F1497C6008F2AA9 /* MainVC.swift */,
				2702DD901EDA78B300A68F74 /* HomeVC.swift */,
				27B92D791F149777008F2AA9 /* ListVC.swift */,
				27B92D7D1F1498D4008F2AA9 /* CalendarVC.swift */,
				27D107771EDAA5610047355F /* SettingVC.swift */,
				27D107911EDAC78C0047355F /* TodoAddVC.swift */,
			);
			name = vc;
			sourceTree = "<group>";
		};
		27D107761EDAA25A0047355F /* util */ = {
			isa = PBXGroup;
			children = (
				2702DDBC1EDA78C400A68F74 /* ServerClient.swift */,
				27E56FA51F1B15D900018A8C /* Values.swift */,
				2702DDC01EDA8A0F00A68F74 /* Util.swift */,
				2702DDBE1EDA795A00A68F74 /* SwiftyJSON.swift */,
				27B92D7F1F14A4DF008F2AA9 /* ColorUtils.swift */,
				27B92DC01F161E8E008F2AA9 /* GlobalConfig.swift */,
			);
			name = util;
			sourceTree = "<group>";
		};
		27E56FA01F19D77F00018A8C /* todo */ = {
			isa = PBXGroup;
			children = (
				27D107891EDAAF850047355F /* TodoTableView.swift */,
				27D107811EDAAE2D0047355F /* ScheduleCell.xib */,
				27D107831EDAAE870047355F /* ScheduleCell.swift */,
				2702DDC21EDA92C500A68F74 /* TodoItem.swift */,
				27E56FA31F1B040400018A8C /* TodoListCell.xib */,
			);
			name = todo;
			sourceTree = "<group>";
		};
		E20004D3C73AF3B33930E60E /* Pods */ = {
			isa = PBXGroup;
			children = (
				F83B3B3B405B3FC28A261508 /* Pods-Whynot.debug.xcconfig */,
				605EC55152C7F45C7E85F4AD /* Pods-Whynot.release.xcconfig */,
				CB2F9E8A3968A1F3465B3822 /* Pods-WhynotTests.debug.xcconfig */,
				A1046EFF527A919B764E22A6 /* Pods-WhynotTests.release.xcconfig */,
				0B82B2E3B7317DD16F0DAD80 /* Pods-WhynotUITests.debug.xcconfig */,
				947E8E3D25DF596DAA371CD2 /* Pods-WhynotUITests.release.xcconfig */,
			);
			name = Pods;
			sourceTree = "<group>";
		};
		FFF39A0C1FF8C0016ACBB3F3 /* Frameworks */ = {
			isa = PBXGroup;
			children = (
				5C0F736DCB843C9B10D9F927 /* Pods_Whynot.framework */,
				A372C043887F2DCAC4F83BC1 /* Pods_WhynotTests.framework */,
				C185631DD5A5836F9B55E84D /* Pods_WhynotUITests.framework */,
			);
			name = Frameworks;
			sourceTree = "<group>";
		};
/* End PBXGroup section */

/* Begin PBXNativeTarget section */
		2702DD8A1EDA78B300A68F74 /* Whynot */ = {
			isa = PBXNativeTarget;
			buildConfigurationList = 2702DDB31EDA78B300A68F74 /* Build configuration list for PBXNativeTarget "Whynot" */;
			buildPhases = (
				8C0309B58FEAD91BA28D964A /* [CP] Check Pods Manifest.lock */,
				2702DD871EDA78B300A68F74 /* Sources */,
				2702DD881EDA78B300A68F74 /* Frameworks */,
				2702DD891EDA78B300A68F74 /* Resources */,
				388FFCE7DB0C317590973FE9 /* [CP] Embed Pods Frameworks */,
				288951606418241AAC5FA575 /* [CP] Copy Pods Resources */,
			);
			buildRules = (
			);
			dependencies = (
			);
			name = Whynot;
			productName = Whynot;
			productReference = 2702DD8B1EDA78B300A68F74 /* Whynot.app */;
			productType = "com.apple.product-type.application";
		};
		2702DD9E1EDA78B300A68F74 /* WhynotTests */ = {
			isa = PBXNativeTarget;
			buildConfigurationList = 2702DDB61EDA78B300A68F74 /* Build configuration list for PBXNativeTarget "WhynotTests" */;
			buildPhases = (
				7E668F99E943E2AB667CDAD0 /* [CP] Check Pods Manifest.lock */,
				2702DD9B1EDA78B300A68F74 /* Sources */,
				2702DD9C1EDA78B300A68F74 /* Frameworks */,
				2702DD9D1EDA78B300A68F74 /* Resources */,
				143415BDD141E2B7E42CC228 /* [CP] Embed Pods Frameworks */,
				B56392A6C40BF883DE37F087 /* [CP] Copy Pods Resources */,
			);
			buildRules = (
			);
			dependencies = (
				2702DDA11EDA78B300A68F74 /* PBXTargetDependency */,
			);
			name = WhynotTests;
			productName = WhynotTests;
			productReference = 2702DD9F1EDA78B300A68F74 /* WhynotTests.xctest */;
			productType = "com.apple.product-type.bundle.unit-test";
		};
		2702DDA91EDA78B300A68F74 /* WhynotUITests */ = {
			isa = PBXNativeTarget;
			buildConfigurationList = 2702DDB91EDA78B300A68F74 /* Build configuration list for PBXNativeTarget "WhynotUITests" */;
			buildPhases = (
				92A25BD919BDC4881E570ADE /* [CP] Check Pods Manifest.lock */,
				2702DDA61EDA78B300A68F74 /* Sources */,
				2702DDA71EDA78B300A68F74 /* Frameworks */,
				2702DDA81EDA78B300A68F74 /* Resources */,
				3FC8DC40DC48BA12101AA8F9 /* [CP] Embed Pods Frameworks */,
				84442D0C8A69F85C869AA768 /* [CP] Copy Pods Resources */,
			);
			buildRules = (
			);
			dependencies = (
				2702DDAC1EDA78B300A68F74 /* PBXTargetDependency */,
			);
			name = WhynotUITests;
			productName = WhynotUITests;
			productReference = 2702DDAA1EDA78B300A68F74 /* WhynotUITests.xctest */;
			productType = "com.apple.product-type.bundle.ui-testing";
		};
/* End PBXNativeTarget section */

/* Begin PBXProject section */
		2702DD831EDA78B300A68F74 /* Project object */ = {
			isa = PBXProject;
			attributes = {
				KnownAssetTags = (
					CalendarVC,
				);
				LastSwiftUpdateCheck = 0830;
				LastUpgradeCheck = 0830;
				ORGANIZATIONNAME = "Noverish Harold";
				TargetAttributes = {
					2702DD8A1EDA78B300A68F74 = {
						CreatedOnToolsVersion = 8.3.2;
						DevelopmentTeam = S4YASQNS8W;
						ProvisioningStyle = Automatic;
					};
					2702DD9E1EDA78B300A68F74 = {
						CreatedOnToolsVersion = 8.3.2;
						ProvisioningStyle = Automatic;
						TestTargetID = 2702DD8A1EDA78B300A68F74;
					};
					2702DDA91EDA78B300A68F74 = {
						CreatedOnToolsVersion = 8.3.2;
						ProvisioningStyle = Automatic;
						TestTargetID = 2702DD8A1EDA78B300A68F74;
					};
				};
			};
			buildConfigurationList = 2702DD861EDA78B300A68F74 /* Build configuration list for PBXProject "Whynot" */;
			compatibilityVersion = "Xcode 3.2";
			developmentRegion = English;
			hasScannedForEncodings = 0;
			knownRegions = (
				en,
				Base,
			);
			mainGroup = 2702DD821EDA78B300A68F74;
			productRefGroup = 2702DD8C1EDA78B300A68F74 /* Products */;
			projectDirPath = "";
			projectRoot = "";
			targets = (
				2702DD8A1EDA78B300A68F74 /* Whynot */,
				2702DD9E1EDA78B300A68F74 /* WhynotTests */,
				2702DDA91EDA78B300A68F74 /* WhynotUITests */,
			);
		};
/* End PBXProject section */

/* Begin PBXResourcesBuildPhase section */
		2702DD891EDA78B300A68F74 /* Resources */ = {
			isa = PBXResourcesBuildPhase;
			buildActionMask = 2147483647;
			files = (
				27D1077E1EDAA9950047355F /* NanumBarunGothicBold.otf in Resources */,
				27D1077F1EDAA9950047355F /* NanumBarunGothicLight.otf in Resources */,
				27B92D851F14AE66008F2AA9 /* CategorySelectView.xib in Resources */,
				27D107801EDAA9950047355F /* NanumBarunGothicUltraLight.otf in Resources */,
				27D1077D1EDAA9950047355F /* NanumBarunGothic.otf in Resources */,
				2702DD961EDA78B300A68F74 /* Assets.xcassets in Resources */,
				27D107881EDAAF740047355F /* PagingTableView.xib in Resources */,
				27D107821EDAAE2D0047355F /* ScheduleCell.xib in Resources */,
				2702DD941EDA78B300A68F74 /* Main.storyboard in Resources */,
				27E56FA41F1B040400018A8C /* TodoListCell.xib in Resources */,
			);
			runOnlyForDeploymentPostprocessing = 0;
		};
		2702DD9D1EDA78B300A68F74 /* Resources */ = {
			isa = PBXResourcesBuildPhase;
			buildActionMask = 2147483647;
			files = (
			);
			runOnlyForDeploymentPostprocessing = 0;
		};
		2702DDA81EDA78B300A68F74 /* Resources */ = {
			isa = PBXResourcesBuildPhase;
			buildActionMask = 2147483647;
			files = (
			);
			runOnlyForDeploymentPostprocessing = 0;
		};
/* End PBXResourcesBuildPhase section */

/* Begin PBXShellScriptBuildPhase section */
		143415BDD141E2B7E42CC228 /* [CP] Embed Pods Frameworks */ = {
			isa = PBXShellScriptBuildPhase;
			buildActionMask = 2147483647;
			files = (
			);
			inputPaths = (
			);
			name = "[CP] Embed Pods Frameworks";
			outputPaths = (
			);
			runOnlyForDeploymentPostprocessing = 0;
			shellPath = /bin/sh;
			shellScript = "\"${SRCROOT}/Pods/Target Support Files/Pods-WhynotTests/Pods-WhynotTests-frameworks.sh\"\n";
			showEnvVarsInLog = 0;
		};
		288951606418241AAC5FA575 /* [CP] Copy Pods Resources */ = {
			isa = PBXShellScriptBuildPhase;
			buildActionMask = 2147483647;
			files = (
			);
			inputPaths = (
			);
			name = "[CP] Copy Pods Resources";
			outputPaths = (
			);
			runOnlyForDeploymentPostprocessing = 0;
			shellPath = /bin/sh;
			shellScript = "\"${SRCROOT}/Pods/Target Support Files/Pods-Whynot/Pods-Whynot-resources.sh\"\n";
			showEnvVarsInLog = 0;
		};
		388FFCE7DB0C317590973FE9 /* [CP] Embed Pods Frameworks */ = {
			isa = PBXShellScriptBuildPhase;
			buildActionMask = 2147483647;
			files = (
			);
			inputPaths = (
			);
			name = "[CP] Embed Pods Frameworks";
			outputPaths = (
			);
			runOnlyForDeploymentPostprocessing = 0;
			shellPath = /bin/sh;
			shellScript = "\"${SRCROOT}/Pods/Target Support Files/Pods-Whynot/Pods-Whynot-frameworks.sh\"\n";
			showEnvVarsInLog = 0;
		};
		3FC8DC40DC48BA12101AA8F9 /* [CP] Embed Pods Frameworks */ = {
			isa = PBXShellScriptBuildPhase;
			buildActionMask = 2147483647;
			files = (
			);
			inputPaths = (
			);
			name = "[CP] Embed Pods Frameworks";
			outputPaths = (
			);
			runOnlyForDeploymentPostprocessing = 0;
			shellPath = /bin/sh;
			shellScript = "\"${SRCROOT}/Pods/Target Support Files/Pods-WhynotUITests/Pods-WhynotUITests-frameworks.sh\"\n";
			showEnvVarsInLog = 0;
		};
		7E668F99E943E2AB667CDAD0 /* [CP] Check Pods Manifest.lock */ = {
			isa = PBXShellScriptBuildPhase;
			buildActionMask = 2147483647;
			files = (
			);
			inputPaths = (
			);
			name = "[CP] Check Pods Manifest.lock";
			outputPaths = (
			);
			runOnlyForDeploymentPostprocessing = 0;
			shellPath = /bin/sh;
			shellScript = "diff \"${PODS_PODFILE_DIR_PATH}/Podfile.lock\" \"${PODS_ROOT}/Manifest.lock\" > /dev/null\nif [ $? != 0 ] ; then\n    # print error to STDERR\n    echo \"error: The sandbox is not in sync with the Podfile.lock. Run 'pod install' or update your CocoaPods installation.\" >&2\n    exit 1\nfi\n";
			showEnvVarsInLog = 0;
		};
		84442D0C8A69F85C869AA768 /* [CP] Copy Pods Resources */ = {
			isa = PBXShellScriptBuildPhase;
			buildActionMask = 2147483647;
			files = (
			);
			inputPaths = (
			);
			name = "[CP] Copy Pods Resources";
			outputPaths = (
			);
			runOnlyForDeploymentPostprocessing = 0;
			shellPath = /bin/sh;
			shellScript = "\"${SRCROOT}/Pods/Target Support Files/Pods-WhynotUITests/Pods-WhynotUITests-resources.sh\"\n";
			showEnvVarsInLog = 0;
		};
		8C0309B58FEAD91BA28D964A /* [CP] Check Pods Manifest.lock */ = {
			isa = PBXShellScriptBuildPhase;
			buildActionMask = 2147483647;
			files = (
			);
			inputPaths = (
			);
			name = "[CP] Check Pods Manifest.lock";
			outputPaths = (
			);
			runOnlyForDeploymentPostprocessing = 0;
			shellPath = /bin/sh;
			shellScript = "diff \"${PODS_PODFILE_DIR_PATH}/Podfile.lock\" \"${PODS_ROOT}/Manifest.lock\" > /dev/null\nif [ $? != 0 ] ; then\n    # print error to STDERR\n    echo \"error: The sandbox is not in sync with the Podfile.lock. Run 'pod install' or update your CocoaPods installation.\" >&2\n    exit 1\nfi\n";
			showEnvVarsInLog = 0;
		};
		92A25BD919BDC4881E570ADE /* [CP] Check Pods Manifest.lock */ = {
			isa = PBXShellScriptBuildPhase;
			buildActionMask = 2147483647;
			files = (
			);
			inputPaths = (
			);
			name = "[CP] Check Pods Manifest.lock";
			outputPaths = (
			);
			runOnlyForDeploymentPostprocessing = 0;
			shellPath = /bin/sh;
			shellScript = "diff \"${PODS_PODFILE_DIR_PATH}/Podfile.lock\" \"${PODS_ROOT}/Manifest.lock\" > /dev/null\nif [ $? != 0 ] ; then\n    # print error to STDERR\n    echo \"error: The sandbox is not in sync with the Podfile.lock. Run 'pod install' or update your CocoaPods installation.\" >&2\n    exit 1\nfi\n";
			showEnvVarsInLog = 0;
		};
		B56392A6C40BF883DE37F087 /* [CP] Copy Pods Resources */ = {
			isa = PBXShellScriptBuildPhase;
			buildActionMask = 2147483647;
			files = (
			);
			inputPaths = (
			);
			name = "[CP] Copy Pods Resources";
			outputPaths = (
			);
			runOnlyForDeploymentPostprocessing = 0;
			shellPath = /bin/sh;
			shellScript = "\"${SRCROOT}/Pods/Target Support Files/Pods-WhynotTests/Pods-WhynotTests-resources.sh\"\n";
			showEnvVarsInLog = 0;
		};
/* End PBXShellScriptBuildPhase section */

/* Begin PBXSourcesBuildPhase section */
		2702DD871EDA78B300A68F74 /* Sources */ = {
			isa = PBXSourcesBuildPhase;
			buildActionMask = 2147483647;
			files = (
				2702DD911EDA78B300A68F74 /* HomeVC.swift in Sources */,
				27B92D801F14A4DF008F2AA9 /* ColorUtils.swift in Sources */,
				27E56FA21F19E8BF00018A8C /* CalendarCell.swift in Sources */,
				27B92D7C1F1497C6008F2AA9 /* MainVC.swift in Sources */,
				27D107921EDAC78C0047355F /* TodoAddVC.swift in Sources */,
				27D107781EDAA5610047355F /* SettingVC.swift in Sources */,
				2702DDBD1EDA78C400A68F74 /* ServerClient.swift in Sources */,
				27D1078A1EDAAF850047355F /* TodoTableView.swift in Sources */,
				2702DDC11EDA8A0F00A68F74 /* Util.swift in Sources */,
				27B92D831F14AE5B008F2AA9 /* CategorySelectView.swift in Sources */,
				27D107841EDAAE870047355F /* ScheduleCell.swift in Sources */,
				2702DD8F1EDA78B300A68F74 /* AppDelegate.swift in Sources */,
				27D1078C1EDABDCD0047355F /* BaseVC.swift in Sources */,
				2702DDC51EDAA1E100A68F74 /* RegisterVC.swift in Sources */,
				27D1078E1EDAC3DE0047355F /* LoginVC.swift in Sources */,
				2702DDC31EDA92C500A68F74 /* TodoItem.swift in Sources */,
				27B92D7A1F149777008F2AA9 /* ListVC.swift in Sources */,
				27B92D7E1F1498D4008F2AA9 /* CalendarVC.swift in Sources */,
				27B92DC11F161E8E008F2AA9 /* GlobalConfig.swift in Sources */,
				2702DDBF1EDA795A00A68F74 /* SwiftyJSON.swift in Sources */,
				27D107871EDAAF740047355F /* PagingTableView.swift in Sources */,
				27E56FA61F1B15D900018A8C /* Values.swift in Sources */,
				27D107901EDAC69E0047355F /* SplashVC.swift in Sources */,
			);
			runOnlyForDeploymentPostprocessing = 0;
		};
		2702DD9B1EDA78B300A68F74 /* Sources */ = {
			isa = PBXSourcesBuildPhase;
			buildActionMask = 2147483647;
			files = (
				2702DDA41EDA78B300A68F74 /* WhynotTests.swift in Sources */,
			);
			runOnlyForDeploymentPostprocessing = 0;
		};
		2702DDA61EDA78B300A68F74 /* Sources */ = {
			isa = PBXSourcesBuildPhase;
			buildActionMask = 2147483647;
			files = (
				2702DDAF1EDA78B300A68F74 /* WhynotUITests.swift in Sources */,
			);
			runOnlyForDeploymentPostprocessing = 0;
		};
/* End PBXSourcesBuildPhase section */

/* Begin PBXTargetDependency section */
		2702DDA11EDA78B300A68F74 /* PBXTargetDependency */ = {
			isa = PBXTargetDependency;
			target = 2702DD8A1EDA78B300A68F74 /* Whynot */;
			targetProxy = 2702DDA01EDA78B300A68F74 /* PBXContainerItemProxy */;
		};
		2702DDAC1EDA78B300A68F74 /* PBXTargetDependency */ = {
			isa = PBXTargetDependency;
			target = 2702DD8A1EDA78B300A68F74 /* Whynot */;
			targetProxy = 2702DDAB1EDA78B300A68F74 /* PBXContainerItemProxy */;
		};
/* End PBXTargetDependency section */

/* Begin PBXVariantGroup section */
		2702DD921EDA78B300A68F74 /* Main.storyboard */ = {
			isa = PBXVariantGroup;
			children = (
				2702DD931EDA78B300A68F74 /* Base */,
			);
			name = Main.storyboard;
			sourceTree = "<group>";
		};
/* End PBXVariantGroup section */

/* Begin XCBuildConfiguration section */
		2702DDB11EDA78B300A68F74 /* Debug */ = {
			isa = XCBuildConfiguration;
			buildSettings = {
				ALWAYS_SEARCH_USER_PATHS = NO;
				CLANG_ANALYZER_NONNULL = YES;
				CLANG_ANALYZER_NUMBER_OBJECT_CONVERSION = YES_AGGRESSIVE;
				CLANG_CXX_LANGUAGE_STANDARD = "gnu++0x";
				CLANG_CXX_LIBRARY = "libc++";
				CLANG_ENABLE_MODULES = YES;
				CLANG_ENABLE_OBJC_ARC = YES;
				CLANG_WARN_BOOL_CONVERSION = YES;
				CLANG_WARN_CONSTANT_CONVERSION = YES;
				CLANG_WARN_DIRECT_OBJC_ISA_USAGE = YES_ERROR;
				CLANG_WARN_DOCUMENTATION_COMMENTS = YES;
				CLANG_WARN_EMPTY_BODY = YES;
				CLANG_WARN_ENUM_CONVERSION = YES;
				CLANG_WARN_INFINITE_RECURSION = YES;
				CLANG_WARN_INT_CONVERSION = YES;
				CLANG_WARN_OBJC_ROOT_CLASS = YES_ERROR;
				CLANG_WARN_SUSPICIOUS_MOVE = YES;
				CLANG_WARN_UNREACHABLE_CODE = YES;
				CLANG_WARN__DUPLICATE_METHOD_MATCH = YES;
				"CODE_SIGN_IDENTITY[sdk=iphoneos*]" = "iPhone Developer";
				COPY_PHASE_STRIP = NO;
				DEBUG_INFORMATION_FORMAT = dwarf;
				ENABLE_STRICT_OBJC_MSGSEND = YES;
				ENABLE_TESTABILITY = YES;
				GCC_C_LANGUAGE_STANDARD = gnu99;
				GCC_DYNAMIC_NO_PIC = NO;
				GCC_NO_COMMON_BLOCKS = YES;
				GCC_OPTIMIZATION_LEVEL = 0;
				GCC_PREPROCESSOR_DEFINITIONS = (
					"DEBUG=1",
					"$(inherited)",
				);
				GCC_WARN_64_TO_32_BIT_CONVERSION = YES;
				GCC_WARN_ABOUT_RETURN_TYPE = YES_ERROR;
				GCC_WARN_UNDECLARED_SELECTOR = YES;
				GCC_WARN_UNINITIALIZED_AUTOS = YES_AGGRESSIVE;
				GCC_WARN_UNUSED_FUNCTION = YES;
				GCC_WARN_UNUSED_VARIABLE = YES;
				IPHONEOS_DEPLOYMENT_TARGET = 10.3;
				MTL_ENABLE_DEBUG_INFO = YES;
				ONLY_ACTIVE_ARCH = YES;
				SDKROOT = iphoneos;
				SWIFT_ACTIVE_COMPILATION_CONDITIONS = DEBUG;
				SWIFT_OPTIMIZATION_LEVEL = "-Onone";
			};
			name = Debug;
		};
		2702DDB21EDA78B300A68F74 /* Release */ = {
			isa = XCBuildConfiguration;
			buildSettings = {
				ALWAYS_SEARCH_USER_PATHS = NO;
				CLANG_ANALYZER_NONNULL = YES;
				CLANG_ANALYZER_NUMBER_OBJECT_CONVERSION = YES_AGGRESSIVE;
				CLANG_CXX_LANGUAGE_STANDARD = "gnu++0x";
				CLANG_CXX_LIBRARY = "libc++";
				CLANG_ENABLE_MODULES = YES;
				CLANG_ENABLE_OBJC_ARC = YES;
				CLANG_WARN_BOOL_CONVERSION = YES;
				CLANG_WARN_CONSTANT_CONVERSION = YES;
				CLANG_WARN_DIRECT_OBJC_ISA_USAGE = YES_ERROR;
				CLANG_WARN_DOCUMENTATION_COMMENTS = YES;
				CLANG_WARN_EMPTY_BODY = YES;
				CLANG_WARN_ENUM_CONVERSION = YES;
				CLANG_WARN_INFINITE_RECURSION = YES;
				CLANG_WARN_INT_CONVERSION = YES;
				CLANG_WARN_OBJC_ROOT_CLASS = YES_ERROR;
				CLANG_WARN_SUSPICIOUS_MOVE = YES;
				CLANG_WARN_UNREACHABLE_CODE = YES;
				CLANG_WARN__DUPLICATE_METHOD_MATCH = YES;
				"CODE_SIGN_IDENTITY[sdk=iphoneos*]" = "iPhone Developer";
				COPY_PHASE_STRIP = NO;
				DEBUG_INFORMATION_FORMAT = "dwarf-with-dsym";
				ENABLE_NS_ASSERTIONS = NO;
				ENABLE_STRICT_OBJC_MSGSEND = YES;
				GCC_C_LANGUAGE_STANDARD = gnu99;
				GCC_NO_COMMON_BLOCKS = YES;
				GCC_WARN_64_TO_32_BIT_CONVERSION = YES;
				GCC_WARN_ABOUT_RETURN_TYPE = YES_ERROR;
				GCC_WARN_UNDECLARED_SELECTOR = YES;
				GCC_WARN_UNINITIALIZED_AUTOS = YES_AGGRESSIVE;
				GCC_WARN_UNUSED_FUNCTION = YES;
				GCC_WARN_UNUSED_VARIABLE = YES;
				IPHONEOS_DEPLOYMENT_TARGET = 10.3;
				MTL_ENABLE_DEBUG_INFO = NO;
				SDKROOT = iphoneos;
				SWIFT_OPTIMIZATION_LEVEL = "-Owholemodule";
				VALIDATE_PRODUCT = YES;
			};
			name = Release;
		};
		2702DDB41EDA78B300A68F74 /* Debug */ = {
			isa = XCBuildConfiguration;
			baseConfigurationReference = F83B3B3B405B3FC28A261508 /* Pods-Whynot.debug.xcconfig */;
			buildSettings = {
				ASSETCATALOG_COMPILER_APPICON_NAME = AppIcon;
				DEVELOPMENT_TEAM = S4YASQNS8W;
				INFOPLIST_FILE = Whynot/Info.plist;
				LD_RUNPATH_SEARCH_PATHS = "$(inherited) @executable_path/Frameworks";
				PRODUCT_BUNDLE_IDENTIFIER = "-hourmakers.Whynot";
				PRODUCT_NAME = "$(TARGET_NAME)";
				SWIFT_VERSION = 3.0;
			};
			name = Debug;
		};
		2702DDB51EDA78B300A68F74 /* Release */ = {
			isa = XCBuildConfiguration;
			baseConfigurationReference = 605EC55152C7F45C7E85F4AD /* Pods-Whynot.release.xcconfig */;
			buildSettings = {
				ASSETCATALOG_COMPILER_APPICON_NAME = AppIcon;
				DEVELOPMENT_TEAM = S4YASQNS8W;
				INFOPLIST_FILE = Whynot/Info.plist;
				LD_RUNPATH_SEARCH_PATHS = "$(inherited) @executable_path/Frameworks";
				PRODUCT_BUNDLE_IDENTIFIER = "-hourmakers.Whynot";
				PRODUCT_NAME = "$(TARGET_NAME)";
				SWIFT_VERSION = 3.0;
			};
			name = Release;
		};
		2702DDB71EDA78B300A68F74 /* Debug */ = {
			isa = XCBuildConfiguration;
			baseConfigurationReference = CB2F9E8A3968A1F3465B3822 /* Pods-WhynotTests.debug.xcconfig */;
			buildSettings = {
				ALWAYS_EMBED_SWIFT_STANDARD_LIBRARIES = YES;
				BUNDLE_LOADER = "$(TEST_HOST)";
				INFOPLIST_FILE = WhynotTests/Info.plist;
				LD_RUNPATH_SEARCH_PATHS = "$(inherited) @executable_path/Frameworks @loader_path/Frameworks";
				PRODUCT_BUNDLE_IDENTIFIER = Noverish.WhynotTests;
				PRODUCT_NAME = "$(TARGET_NAME)";
				SWIFT_VERSION = 3.0;
				TEST_HOST = "$(BUILT_PRODUCTS_DIR)/Whynot.app/Whynot";
			};
			name = Debug;
		};
		2702DDB81EDA78B300A68F74 /* Release */ = {
			isa = XCBuildConfiguration;
			baseConfigurationReference = A1046EFF527A919B764E22A6 /* Pods-WhynotTests.release.xcconfig */;
			buildSettings = {
				ALWAYS_EMBED_SWIFT_STANDARD_LIBRARIES = YES;
				BUNDLE_LOADER = "$(TEST_HOST)";
				INFOPLIST_FILE = WhynotTests/Info.plist;
				LD_RUNPATH_SEARCH_PATHS = "$(inherited) @executable_path/Frameworks @loader_path/Frameworks";
				PRODUCT_BUNDLE_IDENTIFIER = Noverish.WhynotTests;
				PRODUCT_NAME = "$(TARGET_NAME)";
				SWIFT_VERSION = 3.0;
				TEST_HOST = "$(BUILT_PRODUCTS_DIR)/Whynot.app/Whynot";
			};
			name = Release;
		};
		2702DDBA1EDA78B300A68F74 /* Debug */ = {
			isa = XCBuildConfiguration;
			baseConfigurationReference = 0B82B2E3B7317DD16F0DAD80 /* Pods-WhynotUITests.debug.xcconfig */;
			buildSettings = {
				ALWAYS_EMBED_SWIFT_STANDARD_LIBRARIES = YES;
				INFOPLIST_FILE = WhynotUITests/Info.plist;
				LD_RUNPATH_SEARCH_PATHS = "$(inherited) @executable_path/Frameworks @loader_path/Frameworks";
				PRODUCT_BUNDLE_IDENTIFIER = Noverish.WhynotUITests;
				PRODUCT_NAME = "$(TARGET_NAME)";
				SWIFT_VERSION = 3.0;
				TEST_TARGET_NAME = Whynot;
			};
			name = Debug;
		};
		2702DDBB1EDA78B300A68F74 /* Release */ = {
			isa = XCBuildConfiguration;
			baseConfigurationReference = 947E8E3D25DF596DAA371CD2 /* Pods-WhynotUITests.release.xcconfig */;
			buildSettings = {
				ALWAYS_EMBED_SWIFT_STANDARD_LIBRARIES = YES;
				INFOPLIST_FILE = WhynotUITests/Info.plist;
				LD_RUNPATH_SEARCH_PATHS = "$(inherited) @executable_path/Frameworks @loader_path/Frameworks";
				PRODUCT_BUNDLE_IDENTIFIER = Noverish.WhynotUITests;
				PRODUCT_NAME = "$(TARGET_NAME)";
				SWIFT_VERSION = 3.0;
				TEST_TARGET_NAME = Whynot;
			};
			name = Release;
		};
/* End XCBuildConfiguration section */

/* Begin XCConfigurationList section */
		2702DD861EDA78B300A68F74 /* Build configuration list for PBXProject "Whynot" */ = {
			isa = XCConfigurationList;
			buildConfigurations = (
				2702DDB11EDA78B300A68F74 /* Debug */,
				2702DDB21EDA78B300A68F74 /* Release */,
			);
			defaultConfigurationIsVisible = 0;
			defaultConfigurationName = Release;
		};
		2702DDB31EDA78B300A68F74 /* Build configuration list for PBXNativeTarget "Whynot" */ = {
			isa = XCConfigurationList;
			buildConfigurations = (
				2702DDB41EDA78B300A68F74 /* Debug */,
				2702DDB51EDA78B300A68F74 /* Release */,
			);
			defaultConfigurationIsVisible = 0;
			defaultConfigurationName = Release;
		};
		2702DDB61EDA78B300A68F74 /* Build configuration list for PBXNativeTarget "WhynotTests" */ = {
			isa = XCConfigurationList;
			buildConfigurations = (
				2702DDB71EDA78B300A68F74 /* Debug */,
				2702DDB81EDA78B300A68F74 /* Release */,
			);
			defaultConfigurationIsVisible = 0;
			defaultConfigurationName = Release;
		};
		2702DDB91EDA78B300A68F74 /* Build configuration list for PBXNativeTarget "WhynotUITests" */ = {
			isa = XCConfigurationList;
			buildConfigurations = (
				2702DDBA1EDA78B300A68F74 /* Debug */,
				2702DDBB1EDA78B300A68F74 /* Release */,
			);
			defaultConfigurationIsVisible = 0;
			defaultConfigurationName = Release;
		};
/* End XCConfigurationList section */
	};
	rootObject = 2702DD831EDA78B300A68F74 /* Project object */;
}
